
Microsoft Visual Studio Solution File, Format Version 12.00
# Visual Studio Version 16
VisualStudioVersion = 16.0.30320.27
MinimumVisualStudioVersion = 10.0.40219.1
Project("{FAE04EC0-301F-11D3-BF4B-00C04F79EFBC}") = "libraryclient", "libraryclient.csproj", "{297AC9FB-6D23-493A-800A-238C13F9E044}"
EndProject
Global
	GlobalSection(SolutionConfigurationPlatforms) = preSolution
		Debug|Any CPU = Debug|Any CPU
		Release|Any CPU = Release|Any CPU
	EndGlobalSection
	GlobalSection(ProjectConfigurationPlatforms) = postSolution
		{297AC9FB-6D23-493A-800A-238C13F9E044}.Debug|Any CPU.ActiveCfg = Debug|Any CPU
		{297AC9FB-6D23-493A-800A-238C13F9E044}.Debug|Any CPU.Build.0 = Debug|Any CPU
		{297AC9FB-6D23-493A-800A-238C13F9E044}.Release|Any CPU.ActiveCfg = Release|Any CPU
		{297AC9FB-6D23-493A-800A-238C13F9E044}.Release|Any CPU.Build.0 = Release|Any CPU
	EndGlobalSection
	GlobalSection(SolutionProperties) = preSolution
		HideSolutionNode = FALSE
	EndGlobalSection
	GlobalSection(ExtensibilityGlobals) = postSolution
		SolutionGuid = {D8616F02-C752-4B4B-8BA3-3D2F34EEADE8}
	EndGlobalSection
EndGlobal
